// !$*UTF8*$!
{
	archiveVersion = 1;
	classes = {
	};
	objectVersion = 56;
	objects = {

/* Begin PBXBuildFile section */
		243DE4E62B5363210054FAB9 /* pokedexApp.swift in Sources */ = {isa = PBXBuildFile; fileRef = 243DE4E52B5363210054FAB9 /* pokedexApp.swift */; };
		243DE4E82B5363210054FAB9 /* ContentView.swift in Sources */ = {isa = PBXBuildFile; fileRef = 243DE4E72B5363210054FAB9 /* ContentView.swift */; };
		243DE4EA2B53632C0054FAB9 /* Assets.xcassets in Resources */ = {isa = PBXBuildFile; fileRef = 243DE4E92B53632C0054FAB9 /* Assets.xcassets */; };
		243DE4ED2B53632C0054FAB9 /* Preview Assets.xcassets in Resources */ = {isa = PBXBuildFile; fileRef = 243DE4EC2B53632C0054FAB9 /* Preview Assets.xcassets */; };
		243DE4F62B53643C0054FAB9 /* Pokemon.swift in Sources */ = {isa = PBXBuildFile; fileRef = 243DE4F52B53643C0054FAB9 /* Pokemon.swift */; };
		247DEAAA2B536D2D00D04AD8 /* PokemonDetatils.swift in Sources */ = {isa = PBXBuildFile; fileRef = 247DEAA92B536D2D00D04AD8 /* PokemonDetatils.swift */; };
		247DEAAC2B53DCC100D04AD8 /* PokemonImage.swift in Sources */ = {isa = PBXBuildFile; fileRef = 247DEAAB2B53DCC100D04AD8 /* PokemonImage.swift */; };
		247DEAB02B547BE000D04AD8 /* PokemonCardView.swift in Sources */ = {isa = PBXBuildFile; fileRef = 247DEAAF2B547BE000D04AD8 /* PokemonCardView.swift */; };
/* End PBXBuildFile section */

/* Begin PBXFileReference section */
		243DE4E22B5363210054FAB9 /* pokedex.app */ = {isa = PBXFileReference; explicitFileType = wrapper.application; includeInIndex = 0; path = pokedex.app; sourceTree = BUILT_PRODUCTS_DIR; };
		243DE4E52B5363210054FAB9 /* pokedexApp.swift */ = {isa = PBXFileReference; lastKnownFileType = sourcecode.swift; path = pokedexApp.swift; sourceTree = "<group>"; };
		243DE4E72B5363210054FAB9 /* ContentView.swift */ = {isa = PBXFileReference; lastKnownFileType = sourcecode.swift; path = ContentView.swift; sourceTree = "<group>"; };
		243DE4E92B53632C0054FAB9 /* Assets.xcassets */ = {isa = PBXFileReference; lastKnownFileType = folder.assetcatalog; path = Assets.xcassets; sourceTree = "<group>"; };
		243DE4EC2B53632C0054FAB9 /* Preview Assets.xcassets */ = {isa = PBXFileReference; lastKnownFileType = folder.assetcatalog; path = "Preview Assets.xcassets"; sourceTree = "<group>"; };
		243DE4F52B53643C0054FAB9 /* Pokemon.swift */ = {isa = PBXFileReference; lastKnownFileType = sourcecode.swift; path = Pokemon.swift; sourceTree = "<group>"; };
		247DEAA92B536D2D00D04AD8 /* PokemonDetatils.swift */ = {isa = PBXFileReference; lastKnownFileType = sourcecode.swift; path = PokemonDetatils.swift; sourceTree = "<group>"; };
		247DEAAB2B53DCC100D04AD8 /* PokemonImage.swift */ = {isa = PBXFileReference; lastKnownFileType = sourcecode.swift; path = PokemonImage.swift; sourceTree = "<group>"; };
		247DEAAF2B547BE000D04AD8 /* PokemonCardView.swift */ = {isa = PBXFileReference; lastKnownFileType = sourcecode.swift; path = PokemonCardView.swift; sourceTree = "<group>"; };
/* End PBXFileReference section */

/* Begin PBXFrameworksBuildPhase section */
		243DE4DF2B5363200054FAB9 /* Frameworks */ = {
			isa = PBXFrameworksBuildPhase;
			buildActionMask = 2147483647;
			files = (
			);
			runOnlyForDeploymentPostprocessing = 0;
		};
/* End PBXFrameworksBuildPhase section */

/* Begin PBXGroup section */
		243DE4D92B53631F0054FAB9 = {
			isa = PBXGroup;
			children = (
				243DE4E42B5363210054FAB9 /* pokedex */,
				243DE4E32B5363210054FAB9 /* Products */,
			);
			sourceTree = "<group>";
		};
		243DE4E32B5363210054FAB9 /* Products */ = {
			isa = PBXGroup;
			children = (
				243DE4E22B5363210054FAB9 /* pokedex.app */,
			);
			name = Products;
			sourceTree = "<group>";
		};
		243DE4E42B5363210054FAB9 /* pokedex */ = {
			isa = PBXGroup;
			children = (
				243DE4F42B5363B60054FAB9 /* api */,
				243DE4E52B5363210054FAB9 /* pokedexApp.swift */,
				243DE4F32B53639D0054FAB9 /* views */,
				243DE4E92B53632C0054FAB9 /* Assets.xcassets */,
				243DE4EB2B53632C0054FAB9 /* Preview Content */,
			);
			path = pokedex;
			sourceTree = "<group>";
		};
		243DE4EB2B53632C0054FAB9 /* Preview Content */ = {
			isa = PBXGroup;
			children = (
				243DE4EC2B53632C0054FAB9 /* Preview Assets.xcassets */,
			);
			path = "Preview Content";
			sourceTree = "<group>";
		};
		243DE4F32B53639D0054FAB9 /* views */ = {
			isa = PBXGroup;
			children = (
				243DE4E72B5363210054FAB9 /* ContentView.swift */,
				247DEAAB2B53DCC100D04AD8 /* PokemonImage.swift */,
				247DEAAF2B547BE000D04AD8 /* PokemonCardView.swift */,
			);
			path = views;
			sourceTree = "<group>";
		};
		243DE4F42B5363B60054FAB9 /* api */ = {
			isa = PBXGroup;
			children = (
				243DE4F52B53643C0054FAB9 /* Pokemon.swift */,
				247DEAA92B536D2D00D04AD8 /* PokemonDetatils.swift */,
			);
			path = api;
			sourceTree = "<group>";
		};
/* End PBXGroup section */

/* Begin PBXNativeTarget section */
		243DE4E12B5363200054FAB9 /* pokedex */ = {
			isa = PBXNativeTarget;
			buildConfigurationList = 243DE4F02B53632C0054FAB9 /* Build configuration list for PBXNativeTarget "pokedex" */;
			buildPhases = (
				243DE4DE2B5363200054FAB9 /* Sources */,
				243DE4DF2B5363200054FAB9 /* Frameworks */,
				243DE4E02B5363200054FAB9 /* Resources */,
			);
			buildRules = (
			);
			dependencies = (
			);
			name = pokedex;
			productName = pokedex;
			productReference = 243DE4E22B5363210054FAB9 /* pokedex.app */;
			productType = "com.apple.product-type.application";
		};
/* End PBXNativeTarget section */

/* Begin PBXProject section */
		243DE4DA2B53631F0054FAB9 /* Project object */ = {
			isa = PBXProject;
			attributes = {
				BuildIndependentTargetsInParallel = 1;
				LastSwiftUpdateCheck = 1420;
				LastUpgradeCheck = 1420;
				TargetAttributes = {
					243DE4E12B5363200054FAB9 = {
						CreatedOnToolsVersion = 14.2;
					};
				};
			};
			buildConfigurationList = 243DE4DD2B53631F0054FAB9 /* Build configuration list for PBXProject "pokedex" */;
			compatibilityVersion = "Xcode 14.0";
			developmentRegion = en;
			hasScannedForEncodings = 0;
			knownRegions = (
				en,
				Base,
			);
			mainGroup = 243DE4D92B53631F0054FAB9;
			productRefGroup = 243DE4E32B5363210054FAB9 /* Products */;
			projectDirPath = "";
			projectRoot = "";
			targets = (
				243DE4E12B5363200054FAB9 /* pokedex */,
			);
		};
/* End PBXProject section */

/* Begin PBXResourcesBuildPhase section */
		243DE4E02B5363200054FAB9 /* Resources */ = {
			isa = PBXResourcesBuildPhase;
			buildActionMask = 2147483647;
			files = (
				243DE4ED2B53632C0054FAB9 /* Preview Assets.xcassets in Resources */,
				243DE4EA2B53632C0054FAB9 /* Assets.xcassets in Resources */,
			);
			runOnlyForDeploymentPostprocessing = 0;
		};
/* End PBXResourcesBuildPhase section */

/* Begin PBXSourcesBuildPhase section */
		243DE4DE2B5363200054FAB9 /* Sources */ = {
			isa = PBXSourcesBuildPhase;
			buildActionMask = 2147483647;
			files = (
				243DE4E82B5363210054FAB9 /* ContentView.swift in Sources */,
				247DEAAC2B53DCC100D04AD8 /* PokemonImage.swift in Sources */,
				243DE4E62B5363210054FAB9 /* pokedexApp.swift in Sources */,
				243DE4F62B53643C0054FAB9 /* Pokemon.swift in Sources */,
				247DEAB02B547BE000D04AD8 /* PokemonCardView.swift in Sources */,
				247DEAAA2B536D2D00D04AD8 /* PokemonDetatils.swift in Sources */,
			);
			runOnlyForDeploymentPostprocessing = 0;
		};
/* End PBXSourcesBuildPhase section */

/* Begin XCBuildConfiguration section */
		243DE4EE2B53632C0054FAB9 /* Debug */ = {
			isa = XCBuildConfiguration;
			buildSettings = {
				ALWAYS_SEARCH_USER_PATHS = NO;
				CLANG_ANALYZER_NONNULL = YES;
				CLANG_ANALYZER_NUMBER_OBJECT_CONVERSION = YES_AGGRESSIVE;
				CLANG_CXX_LANGUAGE_STANDARD = "gnu++20";
				CLANG_ENABLE_MODULES = YES;
				CLANG_ENABLE_OBJC_ARC = YES;
				CLANG_ENABLE_OBJC_WEAK = YES;
				CLANG_WARN_BLOCK_CAPTURE_AUTORELEASING = YES;
				CLANG_WARN_BOOL_CONVERSION = YES;
				CLANG_WARN_COMMA = YES;
				CLANG_WARN_CONSTANT_CONVERSION = YES;
				CLANG_WARN_DEPRECATED_OBJC_IMPLEMENTATIONS = YES;
				CLANG_WARN_DIRECT_OBJC_ISA_USAGE = YES_ERROR;
				CLANG_WARN_DOCUMENTATION_COMMENTS = YES;
				CLANG_WARN_EMPTY_BODY = YES;
				CLANG_WARN_ENUM_CONVERSION = YES;
				CLANG_WARN_INFINITE_RECURSION = YES;
				CLANG_WARN_INT_CONVERSION = YES;
				CLANG_WARN_NON_LITERAL_NULL_CONVERSION = YES;
				CLANG_WARN_OBJC_IMPLICIT_RETAIN_SELF = YES;
				CLANG_WARN_OBJC_LITERAL_CONVERSION = YES;
				CLANG_WARN_OBJC_ROOT_CLASS = YES_ERROR;
				CLANG_WARN_QUOTED_INCLUDE_IN_FRAMEWORK_HEADER = YES;
				CLANG_WARN_RANGE_LOOP_ANALYSIS = YES;
				CLANG_WARN_STRICT_PROTOTYPES = YES;
				CLANG_WARN_SUSPICIOUS_MOVE = YES;
				CLANG_WARN_UNGUARDED_AVAILABILITY = YES_AGGRESSIVE;
				CLANG_WARN_UNREACHABLE_CODE = YES;
				CLANG_WARN__DUPLICATE_METHOD_MATCH = YES;
				COPY_PHASE_STRIP = NO;
				DEBUG_INFORMATION_FORMAT = dwarf;
				ENABLE_STRICT_OBJC_MSGSEND = YES;
				ENABLE_TESTABILITY = YES;
				GCC_C_LANGUAGE_STANDARD = gnu11;
				GCC_DYNAMIC_NO_PIC = NO;
				GCC_NO_COMMON_BLOCKS = YES;
				GCC_OPTIMIZATION_LEVEL = 0;
				GCC_PREPROCESSOR_DEFINITIONS = (
					"DEBUG=1",
					"$(inherited)",
				);
				GCC_WARN_64_TO_32_BIT_CONVERSION = YES;
				GCC_WARN_ABOUT_RETURN_TYPE = YES_ERROR;
				GCC_WARN_UNDECLARED_SELECTOR = YES;
				GCC_WARN_UNINITIALIZED_AUTOS = YES_AGGRESSIVE;
				GCC_WARN_UNUSED_FUNCTION = YES;
				GCC_WARN_UNUSED_VARIABLE = YES;
				IPHONEOS_DEPLOYMENT_TARGET = 16.2;
				MTL_ENABLE_DEBUG_INFO = INCLUDE_SOURCE;
				MTL_FAST_MATH = YES;
				ONLY_ACTIVE_ARCH = YES;
				SDKROOT = iphoneos;
				SWIFT_ACTIVE_COMPILATION_CONDITIONS = DEBUG;
				SWIFT_OPTIMIZATION_LEVEL = "-Onone";
			};
			name = Debug;
		};
		243DE4EF2B53632C0054FAB9 /* Release */ = {
			isa = XCBuildConfiguration;
			buildSettings = {
				ALWAYS_SEARCH_USER_PATHS = NO;
				CLANG_ANALYZER_NONNULL = YES;
				CLANG_ANALYZER_NUMBER_OBJECT_CONVERSION = YES_AGGRESSIVE;
				CLANG_CXX_LANGUAGE_STANDARD = "gnu++20";
				CLANG_ENABLE_MODULES = YES;
				CLANG_ENABLE_OBJC_ARC = YES;
				CLANG_ENABLE_OBJC_WEAK = YES;
				CLANG_WARN_BLOCK_CAPTURE_AUTORELEASING = YES;
				CLANG_WARN_BOOL_CONVERSION = YES;
				CLANG_WARN_COMMA = YES;
				CLANG_WARN_CONSTANT_CONVERSION = YES;
				CLANG_WARN_DEPRECATED_OBJC_IMPLEMENTATIONS = YES;
				CLANG_WARN_DIRECT_OBJC_ISA_USAGE = YES_ERROR;
				CLANG_WARN_DOCUMENTATION_COMMENTS = YES;
				CLANG_WARN_EMPTY_BODY = YES;
				CLANG_WARN_ENUM_CONVERSION = YES;
				CLANG_WARN_INFINITE_RECURSION = YES;
				CLANG_WARN_INT_CONVERSION = YES;
				CLANG_WARN_NON_LITERAL_NULL_CONVERSION = YES;
				CLANG_WARN_OBJC_IMPLICIT_RETAIN_SELF = YES;
				CLANG_WARN_OBJC_LITERAL_CONVERSION = YES;
				CLANG_WARN_OBJC_ROOT_CLASS = YES_ERROR;
				CLANG_WARN_QUOTED_INCLUDE_IN_FRAMEWORK_HEADER = YES;
				CLANG_WARN_RANGE_LOOP_ANALYSIS = YES;
				CLANG_WARN_STRICT_PROTOTYPES = YES;
				CLANG_WARN_SUSPICIOUS_MOVE = YES;
				CLANG_WARN_UNGUARDED_AVAILABILITY = YES_AGGRESSIVE;
				CLANG_WARN_UNREACHABLE_CODE = YES;
				CLANG_WARN__DUPLICATE_METHOD_MATCH = YES;
				COPY_PHASE_STRIP = NO;
				DEBUG_INFORMATION_FORMAT = "dwarf-with-dsym";
				ENABLE_NS_ASSERTIONS = NO;
				ENABLE_STRICT_OBJC_MSGSEND = YES;
				GCC_C_LANGUAGE_STANDARD = gnu11;
				GCC_NO_COMMON_BLOCKS = YES;
				GCC_WARN_64_TO_32_BIT_CONVERSION = YES;
				GCC_WARN_ABOUT_RETURN_TYPE = YES_ERROR;
				GCC_WARN_UNDECLARED_SELECTOR = YES;
				GCC_WARN_UNINITIALIZED_AUTOS = YES_AGGRESSIVE;
				GCC_WARN_UNUSED_FUNCTION = YES;
				GCC_WARN_UNUSED_VARIABLE = YES;
				IPHONEOS_DEPLOYMENT_TARGET = 16.2;
				MTL_ENABLE_DEBUG_INFO = NO;
				MTL_FAST_MATH = YES;
				SDKROOT = iphoneos;
				SWIFT_COMPILATION_MODE = wholemodule;
				SWIFT_OPTIMIZATION_LEVEL = "-O";
				VALIDATE_PRODUCT = YES;
			};
			name = Release;
		};
		243DE4F12B53632C0054FAB9 /* Debug */ = {
			isa = XCBuildConfiguration;
			buildSettings = {
				ASSETCATALOG_COMPILER_APPICON_NAME = AppIcon;
				ASSETCATALOG_COMPILER_GLOBAL_ACCENT_COLOR_NAME = AccentColor;
				CODE_SIGN_STYLE = Automatic;
				CURRENT_PROJECT_VERSION = 1;
				DEVELOPMENT_ASSET_PATHS = "\"pokedex/Preview Content\"";
				DEVELOPMENT_TEAM = KG4CK3G28T;
				ENABLE_PREVIEWS = YES;
				GENERATE_INFOPLIST_FILE = YES;
				INFOPLIST_KEY_UIApplicationSceneManifest_Generation = YES;
				INFOPLIST_KEY_UIApplicationSupportsIndirectInputEvents = YES;
				INFOPLIST_KEY_UILaunchScreen_Generation = YES;
				INFOPLIST_KEY_UISupportedInterfaceOrientations_iPad = "UIInterfaceOrientationPortrait UIInterfaceOrientationPortraitUpsideDown UIInterfaceOrientationLandscapeLeft UIInterfaceOrientationLandscapeRight";
				INFOPLIST_KEY_UISupportedInterfaceOrientations_iPhone = "UIInterfaceOrientationPortrait UIInterfaceOrientationLandscapeLeft UIInterfaceOrientationLandscapeRight";
				LD_RUNPATH_SEARCH_PATHS = (
					"$(inherited)",
					"@executable_path/Frameworks",
				);
				MARKETING_VERSION = 1.0;
				PRODUCT_BUNDLE_IDENTIFIER = com.fahim.iosapp.pokedex;
				PRODUCT_NAME = "$(TARGET_NAME)";
				SWIFT_EMIT_LOC_STRINGS = YES;
				SWIFT_VERSION = 5.0;
				TARGETED_DEVICE_FAMILY = "1,2";
			};
			name = Debug;
		};
		243DE4F22B53632C0054FAB9 /* Release */ = {
			isa = XCBuildConfiguration;
			buildSettings = {
				ASSETCATALOG_COMPILER_APPICON_NAME = AppIcon;
				ASSETCATALOG_COMPILER_GLOBAL_ACCENT_COLOR_NAME = AccentColor;
				CODE_SIGN_STYLE = Automatic;
				CURRENT_PROJECT_VERSION = 1;
				DEVELOPMENT_ASSET_PATHS = "\"pokedex/Preview Content\"";
				DEVELOPMENT_TEAM = KG4CK3G28T;
				ENABLE_PREVIEWS = YES;
				GENERATE_INFOPLIST_FILE = YES;
				INFOPLIST_KEY_UIApplicationSceneManifest_Generation = YES;
				INFOPLIST_KEY_UIApplicationSupportsIndirectInputEvents = YES;
				INFOPLIST_KEY_UILaunchScreen_Generation = YES;
				INFOPLIST_KEY_UISupportedInterfaceOrientations_iPad = "UIInterfaceOrientationPortrait UIInterfaceOrientationPortraitUpsideDown UIInterfaceOrientationLandscapeLeft UIInterfaceOrientationLandscapeRight";
				INFOPLIST_KEY_UISupportedInterfaceOrientations_iPhone = "UIInterfaceOrientationPortrait UIInterfaceOrientationLandscapeLeft UIInterfaceOrientationLandscapeRight";
				LD_RUNPATH_SEARCH_PATHS = (
					"$(inherited)",
					"@executable_path/Frameworks",
				);
				MARKETING_VERSION = 1.0;
				PRODUCT_BUNDLE_IDENTIFIER = com.fahim.iosapp.pokedex;
				PRODUCT_NAME = "$(TARGET_NAME)";
				SWIFT_EMIT_LOC_STRINGS = YES;
				SWIFT_VERSION = 5.0;
				TARGETED_DEVICE_FAMILY = "1,2";
			};
			name = Release;
		};
/* End XCBuildConfiguration section */

/* Begin XCConfigurationList section */
		243DE4DD2B53631F0054FAB9 /* Build configuration list for PBXProject "pokedex" */ = {
			isa = XCConfigurationList;
			buildConfigurations = (
				243DE4EE2B53632C0054FAB9 /* Debug */,
				243DE4EF2B53632C0054FAB9 /* Release */,
			);
			defaultConfigurationIsVisible = 0;
			defaultConfigurationName = Release;
		};
		243DE4F02B53632C0054FAB9 /* Build configuration list for PBXNativeTarget "pokedex" */ = {
			isa = XCConfigurationList;
			buildConfigurations = (
				243DE4F12B53632C0054FAB9 /* Debug */,
				243DE4F22B53632C0054FAB9 /* Release */,
			);
			defaultConfigurationIsVisible = 0;
			defaultConfigurationName = Release;
		};
/* End XCConfigurationList section */
	};
	rootObject = 243DE4DA2B53631F0054FAB9 /* Project object */;
}
